
Microsoft Visual Studio Solution File, Format Version 12.00
# Visual Studio Version 17
VisualStudioVersion = 17.14.36310.24
MinimumVisualStudioVersion = 10.0.40219.1
Project("{FAE04EC0-301F-11D3-BF4B-00C04F79EFBC}") = "Class1", "Class1\Class1.csproj", "{D9FC83BF-279D-4001-9C61-E0DFA449BC9A}"
EndProject
Project("{FAE04EC0-301F-11D3-BF4B-00C04F79EFBC}") = "Proparties", "Proparties\Proparties.csproj", "{7D8E96FB-C572-4D13-BAAE-4E1D1D223D37}"
EndProject
Global
	GlobalSection(SolutionConfigurationPlatforms) = preSolution
		Debug|Any CPU = Debug|Any CPU
		Release|Any CPU = Release|Any CPU
	EndGlobalSection
	GlobalSection(ProjectConfigurationPlatforms) = postSolution
		{D9FC83BF-279D-4001-9C61-E0DFA449BC9A}.Debug|Any CPU.ActiveCfg = Debug|Any CPU
		{D9FC83BF-279D-4001-9C61-E0DFA449BC9A}.Debug|Any CPU.Build.0 = Debug|Any CPU
		{D9FC83BF-279D-4001-9C61-E0DFA449BC9A}.Release|Any CPU.ActiveCfg = Release|Any CPU
		{D9FC83BF-279D-4001-9C61-E0DFA449BC9A}.Release|Any CPU.Build.0 = Release|Any CPU
		{7D8E96FB-C572-4D13-BAAE-4E1D1D223D37}.Debug|Any CPU.ActiveCfg = Debug|Any CPU
		{7D8E96FB-C572-4D13-BAAE-4E1D1D223D37}.Debug|Any CPU.Build.0 = Debug|Any CPU
		{7D8E96FB-C572-4D13-BAAE-4E1D1D223D37}.Release|Any CPU.ActiveCfg = Release|Any CPU
		{7D8E96FB-C572-4D13-BAAE-4E1D1D223D37}.Release|Any CPU.Build.0 = Release|Any CPU
	EndGlobalSection
	GlobalSection(SolutionProperties) = preSolution
		HideSolutionNode = FALSE
	EndGlobalSection
	GlobalSection(ExtensibilityGlobals) = postSolution
		SolutionGuid = {CCBC3081-C71B-42AA-9FE7-6EB64F69529E}
	EndGlobalSection
EndGlobal
